
Microsoft Visual Studio Solution File, Format Version 12.00
# Visual Studio Version 17
VisualStudioVersion = 17.6.33829.357
MinimumVisualStudioVersion = 10.0.40219.1
Project("{FAE04EC0-301F-11D3-BF4B-00C04F79EFBC}") = "GymForm", "GymForm\GymForm.csproj", "{07BD5BA1-8B19-4A41-80C0-C428123FAFF7}"
EndProject
Global
	GlobalSection(SolutionConfigurationPlatforms) = preSolution
		Debug|Any CPU = Debug|Any CPU
		Release|Any CPU = Release|Any CPU
	EndGlobalSection
	GlobalSection(ProjectConfigurationPlatforms) = postSolution
		{07BD5BA1-8B19-4A41-80C0-C428123FAFF7}.Debug|Any CPU.ActiveCfg = Debug|Any CPU
		{07BD5BA1-8B19-4A41-80C0-C428123FAFF7}.Debug|Any CPU.Build.0 = Debug|Any CPU
		{07BD5BA1-8B19-4A41-80C0-C428123FAFF7}.Release|Any CPU.ActiveCfg = Release|Any CPU
		{07BD5BA1-8B19-4A41-80C0-C428123FAFF7}.Release|Any CPU.Build.0 = Release|Any CPU
	EndGlobalSection
	GlobalSection(SolutionProperties) = preSolution
		HideSolutionNode = FALSE
	EndGlobalSection
	GlobalSection(ExtensibilityGlobals) = postSolution
		SolutionGuid = {42C04209-6A27-4637-9A35-24449EF33CF3}
	EndGlobalSection
EndGlobal
